// !$*UTF8*$!
{
	archiveVersion = 1;
	classes = {
	};
	objectVersion = 56;
	objects = {

/* Begin PBXBuildFile section */
		8620D6B42AF1E5D50052B907 /* RecipesFindsApp.swift in Sources */ = {isa = PBXBuildFile; fileRef = 8620D6B32AF1E5D50052B907 /* RecipesFindsApp.swift */; };
		8620D6B62AF1E5D50052B907 /* MealsView.swift in Sources */ = {isa = PBXBuildFile; fileRef = 8620D6B52AF1E5D50052B907 /* MealsView.swift */; };
		8620D6B82AF1E5D70052B907 /* Assets.xcassets in Resources */ = {isa = PBXBuildFile; fileRef = 8620D6B72AF1E5D70052B907 /* Assets.xcassets */; };
		8620D6BB2AF1E5D70052B907 /* Preview Assets.xcassets in Resources */ = {isa = PBXBuildFile; fileRef = 8620D6BA2AF1E5D70052B907 /* Preview Assets.xcassets */; };
		8620D6C52AF1E5D70052B907 /* RecipesFindsTests.swift in Sources */ = {isa = PBXBuildFile; fileRef = 8620D6C42AF1E5D70052B907 /* RecipesFindsTests.swift */; };
		8620D6CF2AF1E5D70052B907 /* RecipesFindsUITests.swift in Sources */ = {isa = PBXBuildFile; fileRef = 8620D6CE2AF1E5D70052B907 /* RecipesFindsUITests.swift */; };
		8620D6D12AF1E5D70052B907 /* RecipesFindsUITestsLaunchTests.swift in Sources */ = {isa = PBXBuildFile; fileRef = 8620D6D02AF1E5D70052B907 /* RecipesFindsUITestsLaunchTests.swift */; };
		86665DE82AF306560051530B /* MealCardView.swift in Sources */ = {isa = PBXBuildFile; fileRef = 86665DE72AF306560051530B /* MealCardView.swift */; };
		86665DEB2AF30AA00051530B /* Meal.swift in Sources */ = {isa = PBXBuildFile; fileRef = 86665DEA2AF30AA00051530B /* Meal.swift */; };
/* End PBXBuildFile section */

/* Begin PBXContainerItemProxy section */
		8620D6C12AF1E5D70052B907 /* PBXContainerItemProxy */ = {
			isa = PBXContainerItemProxy;
			containerPortal = 8620D6A82AF1E5D50052B907 /* Project object */;
			proxyType = 1;
			remoteGlobalIDString = 8620D6AF2AF1E5D50052B907;
			remoteInfo = RecipesFinds;
		};
		8620D6CB2AF1E5D70052B907 /* PBXContainerItemProxy */ = {
			isa = PBXContainerItemProxy;
			containerPortal = 8620D6A82AF1E5D50052B907 /* Project object */;
			proxyType = 1;
			remoteGlobalIDString = 8620D6AF2AF1E5D50052B907;
			remoteInfo = RecipesFinds;
		};
/* End PBXContainerItemProxy section */

/* Begin PBXFileReference section */
		8620D6B02AF1E5D50052B907 /* RecipesFinds.app */ = {isa = PBXFileReference; explicitFileType = wrapper.application; includeInIndex = 0; path = RecipesFinds.app; sourceTree = BUILT_PRODUCTS_DIR; };
		8620D6B32AF1E5D50052B907 /* RecipesFindsApp.swift */ = {isa = PBXFileReference; lastKnownFileType = sourcecode.swift; path = RecipesFindsApp.swift; sourceTree = "<group>"; };
		8620D6B52AF1E5D50052B907 /* MealsView.swift */ = {isa = PBXFileReference; lastKnownFileType = sourcecode.swift; path = MealsView.swift; sourceTree = "<group>"; };
		8620D6B72AF1E5D70052B907 /* Assets.xcassets */ = {isa = PBXFileReference; lastKnownFileType = folder.assetcatalog; path = Assets.xcassets; sourceTree = "<group>"; };
		8620D6BA2AF1E5D70052B907 /* Preview Assets.xcassets */ = {isa = PBXFileReference; lastKnownFileType = folder.assetcatalog; path = "Preview Assets.xcassets"; sourceTree = "<group>"; };
		8620D6C02AF1E5D70052B907 /* RecipesFindsTests.xctest */ = {isa = PBXFileReference; explicitFileType = wrapper.cfbundle; includeInIndex = 0; path = RecipesFindsTests.xctest; sourceTree = BUILT_PRODUCTS_DIR; };
		8620D6C42AF1E5D70052B907 /* RecipesFindsTests.swift */ = {isa = PBXFileReference; lastKnownFileType = sourcecode.swift; path = RecipesFindsTests.swift; sourceTree = "<group>"; };
		8620D6CA2AF1E5D70052B907 /* RecipesFindsUITests.xctest */ = {isa = PBXFileReference; explicitFileType = wrapper.cfbundle; includeInIndex = 0; path = RecipesFindsUITests.xctest; sourceTree = BUILT_PRODUCTS_DIR; };
		8620D6CE2AF1E5D70052B907 /* RecipesFindsUITests.swift */ = {isa = PBXFileReference; lastKnownFileType = sourcecode.swift; path = RecipesFindsUITests.swift; sourceTree = "<group>"; };
		8620D6D02AF1E5D70052B907 /* RecipesFindsUITestsLaunchTests.swift */ = {isa = PBXFileReference; lastKnownFileType = sourcecode.swift; path = RecipesFindsUITestsLaunchTests.swift; sourceTree = "<group>"; };
		86665DE72AF306560051530B /* MealCardView.swift */ = {isa = PBXFileReference; lastKnownFileType = sourcecode.swift; path = MealCardView.swift; sourceTree = "<group>"; };
		86665DEA2AF30AA00051530B /* Meal.swift */ = {isa = PBXFileReference; lastKnownFileType = sourcecode.swift; path = Meal.swift; sourceTree = "<group>"; };
/* End PBXFileReference section */

/* Begin PBXFrameworksBuildPhase section */
		8620D6AD2AF1E5D50052B907 /* Frameworks */ = {
			isa = PBXFrameworksBuildPhase;
			buildActionMask = 2147483647;
			files = (
			);
			runOnlyForDeploymentPostprocessing = 0;
		};
		8620D6BD2AF1E5D70052B907 /* Frameworks */ = {
			isa = PBXFrameworksBuildPhase;
			buildActionMask = 2147483647;
			files = (
			);
			runOnlyForDeploymentPostprocessing = 0;
		};
		8620D6C72AF1E5D70052B907 /* Frameworks */ = {
			isa = PBXFrameworksBuildPhase;
			buildActionMask = 2147483647;
			files = (
			);
			runOnlyForDeploymentPostprocessing = 0;
		};
/* End PBXFrameworksBuildPhase section */

/* Begin PBXGroup section */
		8620D6A72AF1E5D50052B907 = {
			isa = PBXGroup;
			children = (
				8620D6B22AF1E5D50052B907 /* RecipesFinds */,
				8620D6C32AF1E5D70052B907 /* RecipesFindsTests */,
				8620D6CD2AF1E5D70052B907 /* RecipesFindsUITests */,
				8620D6B12AF1E5D50052B907 /* Products */,
			);
			sourceTree = "<group>";
		};
		8620D6B12AF1E5D50052B907 /* Products */ = {
			isa = PBXGroup;
			children = (
				8620D6B02AF1E5D50052B907 /* RecipesFinds.app */,
				8620D6C02AF1E5D70052B907 /* RecipesFindsTests.xctest */,
				8620D6CA2AF1E5D70052B907 /* RecipesFindsUITests.xctest */,
			);
			name = Products;
			sourceTree = "<group>";
		};
		8620D6B22AF1E5D50052B907 /* RecipesFinds */ = {
			isa = PBXGroup;
			children = (
				86665DE92AF30A840051530B /* Models */,
				8620D6B32AF1E5D50052B907 /* RecipesFindsApp.swift */,
				8620D6B52AF1E5D50052B907 /* MealsView.swift */,
				8620D6B72AF1E5D70052B907 /* Assets.xcassets */,
				8620D6B92AF1E5D70052B907 /* Preview Content */,
				86665DE72AF306560051530B /* MealCardView.swift */,
			);
			path = RecipesFinds;
			sourceTree = "<group>";
		};
		8620D6B92AF1E5D70052B907 /* Preview Content */ = {
			isa = PBXGroup;
			children = (
				8620D6BA2AF1E5D70052B907 /* Preview Assets.xcassets */,
			);
			path = "Preview Content";
			sourceTree = "<group>";
		};
		8620D6C32AF1E5D70052B907 /* RecipesFindsTests */ = {
			isa = PBXGroup;
			children = (
				8620D6C42AF1E5D70052B907 /* RecipesFindsTests.swift */,
			);
			path = RecipesFindsTests;
			sourceTree = "<group>";
		};
		8620D6CD2AF1E5D70052B907 /* RecipesFindsUITests */ = {
			isa = PBXGroup;
			children = (
				8620D6CE2AF1E5D70052B907 /* RecipesFindsUITests.swift */,
				8620D6D02AF1E5D70052B907 /* RecipesFindsUITestsLaunchTests.swift */,
			);
			path = RecipesFindsUITests;
			sourceTree = "<group>";
		};
		86665DE92AF30A840051530B /* Models */ = {
			isa = PBXGroup;
			children = (
				86665DEA2AF30AA00051530B /* Meal.swift */,
			);
			path = Models;
			sourceTree = "<group>";
		};
/* End PBXGroup section */

/* Begin PBXNativeTarget section */
		8620D6AF2AF1E5D50052B907 /* RecipesFinds */ = {
			isa = PBXNativeTarget;
			buildConfigurationList = 8620D6D42AF1E5D70052B907 /* Build configuration list for PBXNativeTarget "RecipesFinds" */;
			buildPhases = (
				8620D6AC2AF1E5D50052B907 /* Sources */,
				8620D6AD2AF1E5D50052B907 /* Frameworks */,
				8620D6AE2AF1E5D50052B907 /* Resources */,
			);
			buildRules = (
			);
			dependencies = (
			);
			name = RecipesFinds;
			productName = RecipesFinds;
			productReference = 8620D6B02AF1E5D50052B907 /* RecipesFinds.app */;
			productType = "com.apple.product-type.application";
		};
		8620D6BF2AF1E5D70052B907 /* RecipesFindsTests */ = {
			isa = PBXNativeTarget;
			buildConfigurationList = 8620D6D72AF1E5D70052B907 /* Build configuration list for PBXNativeTarget "RecipesFindsTests" */;
			buildPhases = (
				8620D6BC2AF1E5D70052B907 /* Sources */,
				8620D6BD2AF1E5D70052B907 /* Frameworks */,
				8620D6BE2AF1E5D70052B907 /* Resources */,
			);
			buildRules = (
			);
			dependencies = (
				8620D6C22AF1E5D70052B907 /* PBXTargetDependency */,
			);
			name = RecipesFindsTests;
			productName = RecipesFindsTests;
			productReference = 8620D6C02AF1E5D70052B907 /* RecipesFindsTests.xctest */;
			productType = "com.apple.product-type.bundle.unit-test";
		};
		8620D6C92AF1E5D70052B907 /* RecipesFindsUITests */ = {
			isa = PBXNativeTarget;
			buildConfigurationList = 8620D6DA2AF1E5D70052B907 /* Build configuration list for PBXNativeTarget "RecipesFindsUITests" */;
			buildPhases = (
				8620D6C62AF1E5D70052B907 /* Sources */,
				8620D6C72AF1E5D70052B907 /* Frameworks */,
				8620D6C82AF1E5D70052B907 /* Resources */,
			);
			buildRules = (
			);
			dependencies = (
				8620D6CC2AF1E5D70052B907 /* PBXTargetDependency */,
			);
			name = RecipesFindsUITests;
			productName = RecipesFindsUITests;
			productReference = 8620D6CA2AF1E5D70052B907 /* RecipesFindsUITests.xctest */;
			productType = "com.apple.product-type.bundle.ui-testing";
		};
/* End PBXNativeTarget section */

/* Begin PBXProject section */
		8620D6A82AF1E5D50052B907 /* Project object */ = {
			isa = PBXProject;
			attributes = {
				BuildIndependentTargetsInParallel = 1;
				LastSwiftUpdateCheck = 1500;
				LastUpgradeCheck = 1500;
				TargetAttributes = {
					8620D6AF2AF1E5D50052B907 = {
						CreatedOnToolsVersion = 15.0.1;
					};
					8620D6BF2AF1E5D70052B907 = {
						CreatedOnToolsVersion = 15.0.1;
						TestTargetID = 8620D6AF2AF1E5D50052B907;
					};
					8620D6C92AF1E5D70052B907 = {
						CreatedOnToolsVersion = 15.0.1;
						TestTargetID = 8620D6AF2AF1E5D50052B907;
					};
				};
			};
			buildConfigurationList = 8620D6AB2AF1E5D50052B907 /* Build configuration list for PBXProject "RecipesFinds" */;
			compatibilityVersion = "Xcode 14.0";
			developmentRegion = en;
			hasScannedForEncodings = 0;
			knownRegions = (
				en,
				Base,
			);
			mainGroup = 8620D6A72AF1E5D50052B907;
			productRefGroup = 8620D6B12AF1E5D50052B907 /* Products */;
			projectDirPath = "";
			projectRoot = "";
			targets = (
				8620D6AF2AF1E5D50052B907 /* RecipesFinds */,
				8620D6BF2AF1E5D70052B907 /* RecipesFindsTests */,
				8620D6C92AF1E5D70052B907 /* RecipesFindsUITests */,
			);
		};
/* End PBXProject section */

/* Begin PBXResourcesBuildPhase section */
		8620D6AE2AF1E5D50052B907 /* Resources */ = {
			isa = PBXResourcesBuildPhase;
			buildActionMask = 2147483647;
			files = (
				8620D6BB2AF1E5D70052B907 /* Preview Assets.xcassets in Resources */,
				8620D6B82AF1E5D70052B907 /* Assets.xcassets in Resources */,
			);
			runOnlyForDeploymentPostprocessing = 0;
		};
		8620D6BE2AF1E5D70052B907 /* Resources */ = {
			isa = PBXResourcesBuildPhase;
			buildActionMask = 2147483647;
			files = (
			);
			runOnlyForDeploymentPostprocessing = 0;
		};
		8620D6C82AF1E5D70052B907 /* Resources */ = {
			isa = PBXResourcesBuildPhase;
			buildActionMask = 2147483647;
			files = (
			);
			runOnlyForDeploymentPostprocessing = 0;
		};
/* End PBXResourcesBuildPhase section */

/* Begin PBXSourcesBuildPhase section */
		8620D6AC2AF1E5D50052B907 /* Sources */ = {
			isa = PBXSourcesBuildPhase;
			buildActionMask = 2147483647;
			files = (
				86665DEB2AF30AA00051530B /* Meal.swift in Sources */,
				8620D6B62AF1E5D50052B907 /* MealsView.swift in Sources */,
				86665DE82AF306560051530B /* MealCardView.swift in Sources */,
				8620D6B42AF1E5D50052B907 /* RecipesFindsApp.swift in Sources */,
			);
			runOnlyForDeploymentPostprocessing = 0;
		};
		8620D6BC2AF1E5D70052B907 /* Sources */ = {
			isa = PBXSourcesBuildPhase;
			buildActionMask = 2147483647;
			files = (
				8620D6C52AF1E5D70052B907 /* RecipesFindsTests.swift in Sources */,
			);
			runOnlyForDeploymentPostprocessing = 0;
		};
		8620D6C62AF1E5D70052B907 /* Sources */ = {
			isa = PBXSourcesBuildPhase;
			buildActionMask = 2147483647;
			files = (
				8620D6CF2AF1E5D70052B907 /* RecipesFindsUITests.swift in Sources */,
				8620D6D12AF1E5D70052B907 /* RecipesFindsUITestsLaunchTests.swift in Sources */,
			);
			runOnlyForDeploymentPostprocessing = 0;
		};
/* End PBXSourcesBuildPhase section */

/* Begin PBXTargetDependency section */
		8620D6C22AF1E5D70052B907 /* PBXTargetDependency */ = {
			isa = PBXTargetDependency;
			target = 8620D6AF2AF1E5D50052B907 /* RecipesFinds */;
			targetProxy = 8620D6C12AF1E5D70052B907 /* PBXContainerItemProxy */;
		};
		8620D6CC2AF1E5D70052B907 /* PBXTargetDependency */ = {
			isa = PBXTargetDependency;
			target = 8620D6AF2AF1E5D50052B907 /* RecipesFinds */;
			targetProxy = 8620D6CB2AF1E5D70052B907 /* PBXContainerItemProxy */;
		};
/* End PBXTargetDependency section */

/* Begin XCBuildConfiguration section */
		8620D6D22AF1E5D70052B907 /* Debug */ = {
			isa = XCBuildConfiguration;
			buildSettings = {
				ALWAYS_SEARCH_USER_PATHS = NO;
				ASSETCATALOG_COMPILER_GENERATE_SWIFT_ASSET_SYMBOL_EXTENSIONS = YES;
				CLANG_ANALYZER_NONNULL = YES;
				CLANG_ANALYZER_NUMBER_OBJECT_CONVERSION = YES_AGGRESSIVE;
				CLANG_CXX_LANGUAGE_STANDARD = "gnu++20";
				CLANG_ENABLE_MODULES = YES;
				CLANG_ENABLE_OBJC_ARC = YES;
				CLANG_ENABLE_OBJC_WEAK = YES;
				CLANG_WARN_BLOCK_CAPTURE_AUTORELEASING = YES;
				CLANG_WARN_BOOL_CONVERSION = YES;
				CLANG_WARN_COMMA = YES;
				CLANG_WARN_CONSTANT_CONVERSION = YES;
				CLANG_WARN_DEPRECATED_OBJC_IMPLEMENTATIONS = YES;
				CLANG_WARN_DIRECT_OBJC_ISA_USAGE = YES_ERROR;
				CLANG_WARN_DOCUMENTATION_COMMENTS = YES;
				CLANG_WARN_EMPTY_BODY = YES;
				CLANG_WARN_ENUM_CONVERSION = YES;
				CLANG_WARN_INFINITE_RECURSION = YES;
				CLANG_WARN_INT_CONVERSION = YES;
				CLANG_WARN_NON_LITERAL_NULL_CONVERSION = YES;
				CLANG_WARN_OBJC_IMPLICIT_RETAIN_SELF = YES;
				CLANG_WARN_OBJC_LITERAL_CONVERSION = YES;
				CLANG_WARN_OBJC_ROOT_CLASS = YES_ERROR;
				CLANG_WARN_QUOTED_INCLUDE_IN_FRAMEWORK_HEADER = YES;
				CLANG_WARN_RANGE_LOOP_ANALYSIS = YES;
				CLANG_WARN_STRICT_PROTOTYPES = YES;
				CLANG_WARN_SUSPICIOUS_MOVE = YES;
				CLANG_WARN_UNGUARDED_AVAILABILITY = YES_AGGRESSIVE;
				CLANG_WARN_UNREACHABLE_CODE = YES;
				CLANG_WARN__DUPLICATE_METHOD_MATCH = YES;
				COPY_PHASE_STRIP = NO;
				DEBUG_INFORMATION_FORMAT = dwarf;
				ENABLE_STRICT_OBJC_MSGSEND = YES;
				ENABLE_TESTABILITY = YES;
				ENABLE_USER_SCRIPT_SANDBOXING = YES;
				GCC_C_LANGUAGE_STANDARD = gnu17;
				GCC_DYNAMIC_NO_PIC = NO;
				GCC_NO_COMMON_BLOCKS = YES;
				GCC_OPTIMIZATION_LEVEL = 0;
				GCC_PREPROCESSOR_DEFINITIONS = (
					"DEBUG=1",
					"$(inherited)",
				);
				GCC_WARN_64_TO_32_BIT_CONVERSION = YES;
				GCC_WARN_ABOUT_RETURN_TYPE = YES_ERROR;
				GCC_WARN_UNDECLARED_SELECTOR = YES;
				GCC_WARN_UNINITIALIZED_AUTOS = YES_AGGRESSIVE;
				GCC_WARN_UNUSED_FUNCTION = YES;
				GCC_WARN_UNUSED_VARIABLE = YES;
				IPHONEOS_DEPLOYMENT_TARGET = 17.0;
				LOCALIZATION_PREFERS_STRING_CATALOGS = YES;
				MTL_ENABLE_DEBUG_INFO = INCLUDE_SOURCE;
				MTL_FAST_MATH = YES;
				ONLY_ACTIVE_ARCH = YES;
				SDKROOT = iphoneos;
				SWIFT_ACTIVE_COMPILATION_CONDITIONS = "DEBUG $(inherited)";
				SWIFT_OPTIMIZATION_LEVEL = "-Onone";
			};
			name = Debug;
		};
		8620D6D32AF1E5D70052B907 /* Release */ = {
			isa = XCBuildConfiguration;
			buildSettings = {
				ALWAYS_SEARCH_USER_PATHS = NO;
				ASSETCATALOG_COMPILER_GENERATE_SWIFT_ASSET_SYMBOL_EXTENSIONS = YES;
				CLANG_ANALYZER_NONNULL = YES;
				CLANG_ANALYZER_NUMBER_OBJECT_CONVERSION = YES_AGGRESSIVE;
				CLANG_CXX_LANGUAGE_STANDARD = "gnu++20";
				CLANG_ENABLE_MODULES = YES;
				CLANG_ENABLE_OBJC_ARC = YES;
				CLANG_ENABLE_OBJC_WEAK = YES;
				CLANG_WARN_BLOCK_CAPTURE_AUTORELEASING = YES;
				CLANG_WARN_BOOL_CONVERSION = YES;
				CLANG_WARN_COMMA = YES;
				CLANG_WARN_CONSTANT_CONVERSION = YES;
				CLANG_WARN_DEPRECATED_OBJC_IMPLEMENTATIONS = YES;
				CLANG_WARN_DIRECT_OBJC_ISA_USAGE = YES_ERROR;
				CLANG_WARN_DOCUMENTATION_COMMENTS = YES;
				CLANG_WARN_EMPTY_BODY = YES;
				CLANG_WARN_ENUM_CONVERSION = YES;
				CLANG_WARN_INFINITE_RECURSION = YES;
				CLANG_WARN_INT_CONVERSION = YES;
				CLANG_WARN_NON_LITERAL_NULL_CONVERSION = YES;
				CLANG_WARN_OBJC_IMPLICIT_RETAIN_SELF = YES;
				CLANG_WARN_OBJC_LITERAL_CONVERSION = YES;
				CLANG_WARN_OBJC_ROOT_CLASS = YES_ERROR;
				CLANG_WARN_QUOTED_INCLUDE_IN_FRAMEWORK_HEADER = YES;
				CLANG_WARN_RANGE_LOOP_ANALYSIS = YES;
				CLANG_WARN_STRICT_PROTOTYPES = YES;
				CLANG_WARN_SUSPICIOUS_MOVE = YES;
				CLANG_WARN_UNGUARDED_AVAILABILITY = YES_AGGRESSIVE;
				CLANG_WARN_UNREACHABLE_CODE = YES;
				CLANG_WARN__DUPLICATE_METHOD_MATCH = YES;
				COPY_PHASE_STRIP = NO;
				DEBUG_INFORMATION_FORMAT = "dwarf-with-dsym";
				ENABLE_NS_ASSERTIONS = NO;
				ENABLE_STRICT_OBJC_MSGSEND = YES;
				ENABLE_USER_SCRIPT_SANDBOXING = YES;
				GCC_C_LANGUAGE_STANDARD = gnu17;
				GCC_NO_COMMON_BLOCKS = YES;
				GCC_WARN_64_TO_32_BIT_CONVERSION = YES;
				GCC_WARN_ABOUT_RETURN_TYPE = YES_ERROR;
				GCC_WARN_UNDECLARED_SELECTOR = YES;
				GCC_WARN_UNINITIALIZED_AUTOS = YES_AGGRESSIVE;
				GCC_WARN_UNUSED_FUNCTION = YES;
				GCC_WARN_UNUSED_VARIABLE = YES;
				IPHONEOS_DEPLOYMENT_TARGET = 17.0;
				LOCALIZATION_PREFERS_STRING_CATALOGS = YES;
				MTL_ENABLE_DEBUG_INFO = NO;
				MTL_FAST_MATH = YES;
				SDKROOT = iphoneos;
				SWIFT_COMPILATION_MODE = wholemodule;
				VALIDATE_PRODUCT = YES;
			};
			name = Release;
		};
		8620D6D52AF1E5D70052B907 /* Debug */ = {
			isa = XCBuildConfiguration;
			buildSettings = {
				ASSETCATALOG_COMPILER_APPICON_NAME = AppIcon;
				ASSETCATALOG_COMPILER_GLOBAL_ACCENT_COLOR_NAME = AccentColor;
				CODE_SIGN_STYLE = Automatic;
				CURRENT_PROJECT_VERSION = 1;
				DEVELOPMENT_ASSET_PATHS = "\"RecipesFinds/Preview Content\"";
				DEVELOPMENT_TEAM = QB6FYF8GJ8;
				ENABLE_PREVIEWS = YES;
				GENERATE_INFOPLIST_FILE = YES;
				INFOPLIST_KEY_UIApplicationSceneManifest_Generation = YES;
				INFOPLIST_KEY_UIApplicationSupportsIndirectInputEvents = YES;
				INFOPLIST_KEY_UILaunchScreen_Generation = YES;
				INFOPLIST_KEY_UISupportedInterfaceOrientations_iPad = "UIInterfaceOrientationPortrait UIInterfaceOrientationPortraitUpsideDown UIInterfaceOrientationLandscapeLeft UIInterfaceOrientationLandscapeRight";
				INFOPLIST_KEY_UISupportedInterfaceOrientations_iPhone = "UIInterfaceOrientationPortrait UIInterfaceOrientationLandscapeLeft UIInterfaceOrientationLandscapeRight";
				LD_RUNPATH_SEARCH_PATHS = (
					"$(inherited)",
					"@executable_path/Frameworks",
				);
				MARKETING_VERSION = 1.0;
				PRODUCT_BUNDLE_IDENTIFIER = projects.RecipesFinds;
				PRODUCT_NAME = "$(TARGET_NAME)";
				SWIFT_EMIT_LOC_STRINGS = YES;
				SWIFT_VERSION = 5.0;
				TARGETED_DEVICE_FAMILY = "1,2";
			};
			name = Debug;
		};
		8620D6D62AF1E5D70052B907 /* Release */ = {
			isa = XCBuildConfiguration;
			buildSettings = {
				ASSETCATALOG_COMPILER_APPICON_NAME = AppIcon;
				ASSETCATALOG_COMPILER_GLOBAL_ACCENT_COLOR_NAME = AccentColor;
				CODE_SIGN_STYLE = Automatic;
				CURRENT_PROJECT_VERSION = 1;
				DEVELOPMENT_ASSET_PATHS = "\"RecipesFinds/Preview Content\"";
				DEVELOPMENT_TEAM = QB6FYF8GJ8;
				ENABLE_PREVIEWS = YES;
				GENERATE_INFOPLIST_FILE = YES;
				INFOPLIST_KEY_UIApplicationSceneManifest_Generation = YES;
				INFOPLIST_KEY_UIApplicationSupportsIndirectInputEvents = YES;
				INFOPLIST_KEY_UILaunchScreen_Generation = YES;
				INFOPLIST_KEY_UISupportedInterfaceOrientations_iPad = "UIInterfaceOrientationPortrait UIInterfaceOrientationPortraitUpsideDown UIInterfaceOrientationLandscapeLeft UIInterfaceOrientationLandscapeRight";
				INFOPLIST_KEY_UISupportedInterfaceOrientations_iPhone = "UIInterfaceOrientationPortrait UIInterfaceOrientationLandscapeLeft UIInterfaceOrientationLandscapeRight";
				LD_RUNPATH_SEARCH_PATHS = (
					"$(inherited)",
					"@executable_path/Frameworks",
				);
				MARKETING_VERSION = 1.0;
				PRODUCT_BUNDLE_IDENTIFIER = projects.RecipesFinds;
				PRODUCT_NAME = "$(TARGET_NAME)";
				SWIFT_EMIT_LOC_STRINGS = YES;
				SWIFT_VERSION = 5.0;
				TARGETED_DEVICE_FAMILY = "1,2";
			};
			name = Release;
		};
		8620D6D82AF1E5D70052B907 /* Debug */ = {
			isa = XCBuildConfiguration;
			buildSettings = {
				ALWAYS_EMBED_SWIFT_STANDARD_LIBRARIES = YES;
				BUNDLE_LOADER = "$(TEST_HOST)";
				CODE_SIGN_STYLE = Automatic;
				CURRENT_PROJECT_VERSION = 1;
				DEVELOPMENT_TEAM = QB6FYF8GJ8;
				GENERATE_INFOPLIST_FILE = YES;
				IPHONEOS_DEPLOYMENT_TARGET = 17.0;
				MARKETING_VERSION = 1.0;
				PRODUCT_BUNDLE_IDENTIFIER = projects.RecipesFindsTests;
				PRODUCT_NAME = "$(TARGET_NAME)";
				SWIFT_EMIT_LOC_STRINGS = NO;
				SWIFT_VERSION = 5.0;
				TARGETED_DEVICE_FAMILY = "1,2";
				TEST_HOST = "$(BUILT_PRODUCTS_DIR)/RecipesFinds.app/$(BUNDLE_EXECUTABLE_FOLDER_PATH)/RecipesFinds";
			};
			name = Debug;
		};
		8620D6D92AF1E5D70052B907 /* Release */ = {
			isa = XCBuildConfiguration;
			buildSettings = {
				ALWAYS_EMBED_SWIFT_STANDARD_LIBRARIES = YES;
				BUNDLE_LOADER = "$(TEST_HOST)";
				CODE_SIGN_STYLE = Automatic;
				CURRENT_PROJECT_VERSION = 1;
				DEVELOPMENT_TEAM = QB6FYF8GJ8;
				GENERATE_INFOPLIST_FILE = YES;
				IPHONEOS_DEPLOYMENT_TARGET = 17.0;
				MARKETING_VERSION = 1.0;
				PRODUCT_BUNDLE_IDENTIFIER = projects.RecipesFindsTests;
				PRODUCT_NAME = "$(TARGET_NAME)";
				SWIFT_EMIT_LOC_STRINGS = NO;
				SWIFT_VERSION = 5.0;
				TARGETED_DEVICE_FAMILY = "1,2";
				TEST_HOST = "$(BUILT_PRODUCTS_DIR)/RecipesFinds.app/$(BUNDLE_EXECUTABLE_FOLDER_PATH)/RecipesFinds";
			};
			name = Release;
		};
		8620D6DB2AF1E5D70052B907 /* Debug */ = {
			isa = XCBuildConfiguration;
			buildSettings = {
				ALWAYS_EMBED_SWIFT_STANDARD_LIBRARIES = YES;
				CODE_SIGN_STYLE = Automatic;
				CURRENT_PROJECT_VERSION = 1;
				DEVELOPMENT_TEAM = QB6FYF8GJ8;
				GENERATE_INFOPLIST_FILE = YES;
				MARKETING_VERSION = 1.0;
				PRODUCT_BUNDLE_IDENTIFIER = projects.RecipesFindsUITests;
				PRODUCT_NAME = "$(TARGET_NAME)";
				SWIFT_EMIT_LOC_STRINGS = NO;
				SWIFT_VERSION = 5.0;
				TARGETED_DEVICE_FAMILY = "1,2";
				TEST_TARGET_NAME = RecipesFinds;
			};
			name = Debug;
		};
		8620D6DC2AF1E5D70052B907 /* Release */ = {
			isa = XCBuildConfiguration;
			buildSettings = {
				ALWAYS_EMBED_SWIFT_STANDARD_LIBRARIES = YES;
				CODE_SIGN_STYLE = Automatic;
				CURRENT_PROJECT_VERSION = 1;
				DEVELOPMENT_TEAM = QB6FYF8GJ8;
				GENERATE_INFOPLIST_FILE = YES;
				MARKETING_VERSION = 1.0;
				PRODUCT_BUNDLE_IDENTIFIER = projects.RecipesFindsUITests;
				PRODUCT_NAME = "$(TARGET_NAME)";
				SWIFT_EMIT_LOC_STRINGS = NO;
				SWIFT_VERSION = 5.0;
				TARGETED_DEVICE_FAMILY = "1,2";
				TEST_TARGET_NAME = RecipesFinds;
			};
			name = Release;
		};
/* End XCBuildConfiguration section */

/* Begin XCConfigurationList section */
		8620D6AB2AF1E5D50052B907 /* Build configuration list for PBXProject "RecipesFinds" */ = {
			isa = XCConfigurationList;
			buildConfigurations = (
				8620D6D22AF1E5D70052B907 /* Debug */,
				8620D6D32AF1E5D70052B907 /* Release */,
			);
			defaultConfigurationIsVisible = 0;
			defaultConfigurationName = Release;
		};
		8620D6D42AF1E5D70052B907 /* Build configuration list for PBXNativeTarget "RecipesFinds" */ = {
			isa = XCConfigurationList;
			buildConfigurations = (
				8620D6D52AF1E5D70052B907 /* Debug */,
				8620D6D62AF1E5D70052B907 /* Release */,
			);
			defaultConfigurationIsVisible = 0;
			defaultConfigurationName = Release;
		};
		8620D6D72AF1E5D70052B907 /* Build configuration list for PBXNativeTarget "RecipesFindsTests" */ = {
			isa = XCConfigurationList;
			buildConfigurations = (
				8620D6D82AF1E5D70052B907 /* Debug */,
				8620D6D92AF1E5D70052B907 /* Release */,
			);
			defaultConfigurationIsVisible = 0;
			defaultConfigurationName = Release;
		};
		8620D6DA2AF1E5D70052B907 /* Build configuration list for PBXNativeTarget "RecipesFindsUITests" */ = {
			isa = XCConfigurationList;
			buildConfigurations = (
				8620D6DB2AF1E5D70052B907 /* Debug */,
				8620D6DC2AF1E5D70052B907 /* Release */,
			);
			defaultConfigurationIsVisible = 0;
			defaultConfigurationName = Release;
		};
/* End XCConfigurationList section */
	};
	rootObject = 8620D6A82AF1E5D50052B907 /* Project object */;
}
